
Microsoft Visual Studio Solution File, Format Version 12.00
# Visual Studio Version 17
VisualStudioVersion = 17.5.002.0
MinimumVisualStudioVersion = 10.0.40219.1
Project("{2150E333-8FDC-42A3-9474-1A3956D46DE8}") = "c_sharp", "c_sharp", "{88993E92-C019-4ED4-B081-71B3CC1A09BF}"
EndProject
Project("{9A19103F-16F7-4668-BE54-9A1E7A4F7556}") = "random_pw_gen", "c_sharp\random_pw_gen\random_pw_gen.csproj", "{7B0A2DB9-6194-4FD6-A9D4-2D859174F1D1}"
EndProject
Project("{2150E333-8FDC-42A3-9474-1A3956D46DE8}") = "game_code", "game_code", "{3797D640-B021-4518-9006-C1130FF6188D}"
EndProject
Project("{9A19103F-16F7-4668-BE54-9A1E7A4F7556}") = "character_creator", "game_code\character_creator\character_creator.csproj", "{1B66B7B7-9FC0-441E-91F7-F3ABB1B4B201}"
EndProject
Project("{9A19103F-16F7-4668-BE54-9A1E7A4F7556}") = "character_creator (1)", "game_code\eldritch_magic\character_creator.csproj", "{11DE69C9-F5F2-4497-AA2E-16651061FD66}"
EndProject
Project("{2150E333-8FDC-42A3-9474-1A3956D46DE8}") = "random_pw_gen (1)", "random_pw_gen", "{8BD460D7-A75D-47B9-94C6-AC3DBFA05E1F}"
EndProject
Project("{9A19103F-16F7-4668-BE54-9A1E7A4F7556}") = "randompw", "c_sharp\random_pw_gen\randompw\randompw.csproj", "{6D34D122-C5F0-45B3-966B-D5B16BEC7C8E}"
EndProject
Global
	GlobalSection(SolutionConfigurationPlatforms) = preSolution
		Debug|Any CPU = Debug|Any CPU
		Release|Any CPU = Release|Any CPU
	EndGlobalSection
	GlobalSection(ProjectConfigurationPlatforms) = postSolution
		{7B0A2DB9-6194-4FD6-A9D4-2D859174F1D1}.Debug|Any CPU.ActiveCfg = Debug|Any CPU
		{7B0A2DB9-6194-4FD6-A9D4-2D859174F1D1}.Debug|Any CPU.Build.0 = Debug|Any CPU
		{7B0A2DB9-6194-4FD6-A9D4-2D859174F1D1}.Release|Any CPU.ActiveCfg = Release|Any CPU
		{7B0A2DB9-6194-4FD6-A9D4-2D859174F1D1}.Release|Any CPU.Build.0 = Release|Any CPU
		{1B66B7B7-9FC0-441E-91F7-F3ABB1B4B201}.Debug|Any CPU.ActiveCfg = Debug|Any CPU
		{1B66B7B7-9FC0-441E-91F7-F3ABB1B4B201}.Debug|Any CPU.Build.0 = Debug|Any CPU
		{1B66B7B7-9FC0-441E-91F7-F3ABB1B4B201}.Release|Any CPU.ActiveCfg = Release|Any CPU
		{1B66B7B7-9FC0-441E-91F7-F3ABB1B4B201}.Release|Any CPU.Build.0 = Release|Any CPU
		{11DE69C9-F5F2-4497-AA2E-16651061FD66}.Debug|Any CPU.ActiveCfg = Debug|Any CPU
		{11DE69C9-F5F2-4497-AA2E-16651061FD66}.Debug|Any CPU.Build.0 = Debug|Any CPU
		{11DE69C9-F5F2-4497-AA2E-16651061FD66}.Release|Any CPU.ActiveCfg = Release|Any CPU
		{11DE69C9-F5F2-4497-AA2E-16651061FD66}.Release|Any CPU.Build.0 = Release|Any CPU
		{6D34D122-C5F0-45B3-966B-D5B16BEC7C8E}.Debug|Any CPU.ActiveCfg = Debug|Any CPU
		{6D34D122-C5F0-45B3-966B-D5B16BEC7C8E}.Debug|Any CPU.Build.0 = Debug|Any CPU
		{6D34D122-C5F0-45B3-966B-D5B16BEC7C8E}.Release|Any CPU.ActiveCfg = Release|Any CPU
		{6D34D122-C5F0-45B3-966B-D5B16BEC7C8E}.Release|Any CPU.Build.0 = Release|Any CPU
	EndGlobalSection
	GlobalSection(SolutionProperties) = preSolution
		HideSolutionNode = FALSE
	EndGlobalSection
	GlobalSection(NestedProjects) = preSolution
		{7B0A2DB9-6194-4FD6-A9D4-2D859174F1D1} = {88993E92-C019-4ED4-B081-71B3CC1A09BF}
		{1B66B7B7-9FC0-441E-91F7-F3ABB1B4B201} = {3797D640-B021-4518-9006-C1130FF6188D}
		{11DE69C9-F5F2-4497-AA2E-16651061FD66} = {3797D640-B021-4518-9006-C1130FF6188D}
		{8BD460D7-A75D-47B9-94C6-AC3DBFA05E1F} = {88993E92-C019-4ED4-B081-71B3CC1A09BF}
		{6D34D122-C5F0-45B3-966B-D5B16BEC7C8E} = {8BD460D7-A75D-47B9-94C6-AC3DBFA05E1F}
	EndGlobalSection
	GlobalSection(ExtensibilityGlobals) = postSolution
		SolutionGuid = {85C167E3-744B-43B8-873C-856684291922}
	EndGlobalSection
EndGlobal
